
Microsoft Visual Studio Solution File, Format Version 12.00
# Visual Studio Version 17
VisualStudioVersion = 17.14.36109.1 d17.14
MinimumVisualStudioVersion = 10.0.40219.1
Project("{FAE04EC0-301F-11D3-BF4B-00C04F79EFBC}") = "Contactes POO", "Contactes POO\Contactes POO.csproj", "{1CF53BE0-BE48-46CA-8798-5944FE118994}"
EndProject
Global
	GlobalSection(SolutionConfigurationPlatforms) = preSolution
		Debug|Any CPU = Debug|Any CPU
		Release|Any CPU = Release|Any CPU
	EndGlobalSection
	GlobalSection(ProjectConfigurationPlatforms) = postSolution
		{1CF53BE0-BE48-46CA-8798-5944FE118994}.Debug|Any CPU.ActiveCfg = Debug|Any CPU
		{1CF53BE0-BE48-46CA-8798-5944FE118994}.Debug|Any CPU.Build.0 = Debug|Any CPU
		{1CF53BE0-BE48-46CA-8798-5944FE118994}.Release|Any CPU.ActiveCfg = Release|Any CPU
		{1CF53BE0-BE48-46CA-8798-5944FE118994}.Release|Any CPU.Build.0 = Release|Any CPU
	EndGlobalSection
	GlobalSection(SolutionProperties) = preSolution
		HideSolutionNode = FALSE
	EndGlobalSection
	GlobalSection(ExtensibilityGlobals) = postSolution
		SolutionGuid = {492F6873-9F26-44D5-9CFD-16214112EE61}
	EndGlobalSection
EndGlobal
