
Microsoft Visual Studio Solution File, Format Version 12.00
# Visual Studio Version 17
VisualStudioVersion = 17.14.36109.1 d17.14
MinimumVisualStudioVersion = 10.0.40219.1
Project("{FAE04EC0-301F-11D3-BF4B-00C04F79EFBC}") = "ContactesCompletee", "ContactesCompletee\ContactesCompletee.csproj", "{1CAA85A9-36E6-4D42-A84C-E37CB0341D25}"
EndProject
Global
	GlobalSection(SolutionConfigurationPlatforms) = preSolution
		Debug|Any CPU = Debug|Any CPU
		Release|Any CPU = Release|Any CPU
	EndGlobalSection
	GlobalSection(ProjectConfigurationPlatforms) = postSolution
		{1CAA85A9-36E6-4D42-A84C-E37CB0341D25}.Debug|Any CPU.ActiveCfg = Debug|Any CPU
		{1CAA85A9-36E6-4D42-A84C-E37CB0341D25}.Debug|Any CPU.Build.0 = Debug|Any CPU
		{1CAA85A9-36E6-4D42-A84C-E37CB0341D25}.Release|Any CPU.ActiveCfg = Release|Any CPU
		{1CAA85A9-36E6-4D42-A84C-E37CB0341D25}.Release|Any CPU.Build.0 = Release|Any CPU
	EndGlobalSection
	GlobalSection(SolutionProperties) = preSolution
		HideSolutionNode = FALSE
	EndGlobalSection
	GlobalSection(ExtensibilityGlobals) = postSolution
		SolutionGuid = {B5133241-4756-46C3-97B9-636F80AFF960}
	EndGlobalSection
EndGlobal
